
Microsoft Visual Studio Solution File, Format Version 12.00
# Visual Studio Version 16
VisualStudioVersion = 16.0.31702.278
MinimumVisualStudioVersion = 10.0.40219.1
Project("{FAE04EC0-301F-11D3-BF4B-00C04F79EFBC}") = "flappyBird", "flappyBird\flappyBird.csproj", "{FEAE13BE-5678-494A-BAC4-3E7562168047}"
EndProject
Global
	GlobalSection(SolutionConfigurationPlatforms) = preSolution
		Debug|Any CPU = Debug|Any CPU
		Release|Any CPU = Release|Any CPU
	EndGlobalSection
	GlobalSection(ProjectConfigurationPlatforms) = postSolution
		{FEAE13BE-5678-494A-BAC4-3E7562168047}.Debug|Any CPU.ActiveCfg = Debug|Any CPU
		{FEAE13BE-5678-494A-BAC4-3E7562168047}.Debug|Any CPU.Build.0 = Debug|Any CPU
		{FEAE13BE-5678-494A-BAC4-3E7562168047}.Release|Any CPU.ActiveCfg = Release|Any CPU
		{FEAE13BE-5678-494A-BAC4-3E7562168047}.Release|Any CPU.Build.0 = Release|Any CPU
	EndGlobalSection
	GlobalSection(SolutionProperties) = preSolution
		HideSolutionNode = FALSE
	EndGlobalSection
	GlobalSection(ExtensibilityGlobals) = postSolution
		SolutionGuid = {5333EBE9-DBCE-416C-9ADF-5C1F75C2F9FA}
	EndGlobalSection
EndGlobal
